lockfileVersion: 5.3

specifiers:
  '@types/node': ^17.0.24
  '@types/react': ^18.0.5
  next: ^12.1.6-canary.7
  react: ^18.0.0
  react-dom: ^18.0.0
  typescript: ^4.6.3

dependencies:
  next: 12.1.6-canary.7_react-dom@18.0.0+react@18.0.0
  react: 18.0.0
  react-dom: 18.0.0_react@18.0.0

devDependencies:
  '@types/node': 17.0.24
  '@types/react': 18.0.5
  typescript: 4.6.3

packages:

  /@next/env/12.1.6-canary.7:
    resolution: {integrity: sha512-sFwiLE09NaIx5F1/d1NKGz9jB5wgt2ES7N7UKpNlX/zf7yCDajwyC75qUSuEQHIahxt8lVMnK75gB2q/HBRGVA==}
    dev: false

  /@next/swc-android-arm-eabi/12.1.6-canary.7:
    resolution: {integrity: sha512-ygpt8Y8Uw/PL+wa9OPPv8Cb3qDfjJfbSGA2jqUGLa2Uj/P2HuSVe8Sh96cJ+75hCfeob6h06kEa9eyAi5UZ4Dw==}
    engines: {node: '>= 10'}
    cpu: [arm]
    os: [android]
    requiresBuild: true
    dev: false
    optional: true

  /@next/swc-android-arm64/12.1.6-canary.7:
    resolution: {integrity: sha512-svOgVELthS+SrhSALj+H/5UUmv86QwPFMzrpYSKPmLtSmqWaJU2QShBwtZA2jBD1aXCNB9lqRNfEcnP8mYCv6g==}
    engines: {node: '>= 10'}
    cpu: [arm64]
    os: [android]
    requiresBuild: true
    dev: false
    optional: true

  /@next/swc-darwin-arm64/12.1.6-canary.7:
    resolution: {integrity: sha512-f7q4tM98PUPqC9fjbo34tEC5VNMiZC2nh641qxved6RfEYy1NuoJtq0j38EIgp7xzlITWiZ8KxDCUBsXFJZHtw==}
    engines: {node: '>= 10'}
    cpu: [arm64]
    os: [darwin]
    requiresBuild: true
    dev: false
    optional: true

  /@next/swc-darwin-x64/12.1.6-canary.7:
    resolution: {integrity: sha512-o25zgjo4gZ2GnRAEJsjvhONy3bf80hTqJ6o/4LaLkNCIKpuvwnfd7SKARwGtk4YLXcn3+s1/wP2zxkOEpA7rig==}
    engines: {node: '>= 10'}
    cpu: [x64]
    os: [darwin]
    requiresBuild: true
    dev: false
    optional: true

  /@next/swc-linux-arm-gnueabihf/12.1.6-canary.7:
    resolution: {integrity: sha512-VAMxz9OvNB5tqhReDN/gmUhunXPuI/VpvsAbqWv1856QplhD0j4+xoDDxNVgUxKvTuMU+aC43iSNWavlS0iHyw==}
    engines: {node: '>= 10'}
    cpu: [arm]
    os: [linux]
    requiresBuild: true
    dev: false
    optional: true

  /@next/swc-linux-arm64-gnu/12.1.6-canary.7:
    resolution: {integrity: sha512-jvEfLJtSYHIf2Zbo0btMb2DSKZODWrFPMKmTSWIIJiheynlkhGe1uc8U3MU4c/fnBEeOGsexqaQoMLBh0aOIHg==}
    engines: {node: '>= 10'}
    cpu: [arm64]
    os: [linux]
    requiresBuild: true
    dev: false
    optional: true

  /@next/swc-linux-arm64-musl/12.1.6-canary.7:
    resolution: {integrity: sha512-CNPoRVlM4TuvE72OQ/Vh1BiazJzOzkXDRfqCdZ8woSPmlqvaGsT3xNE7+Mxt7SiJvsFrPpSvY3a6SKdpjNQ4dw==}
    engines: {node: '>= 10'}
    cpu: [arm64]
    os: [linux]
    requiresBuild: true
    dev: false
    optional: true

  /@next/swc-linux-x64-gnu/12.1.6-canary.7:
    resolution: {integrity: sha512-g5XH1eahjl5Wz1Kgr3YI/TZbrs/j6scGbldibUe+PB2gkr/0QiZi+7M/AZmXTe/HYJ6z4ELU6OZqBOsuEXS74A==}
    engines: {node: '>= 10'}
    cpu: [x64]
    os: [linux]
    requiresBuild: true
    dev: false
    optional: true

  /@next/swc-linux-x64-musl/12.1.6-canary.7:
    resolution: {integrity: sha512-LGogHcVPHVhgQvoz0yLrZu3Cm+KHPWS4HL8bKq6NNqpa77itVoxj/GjI1aEkUWNnYHyB/DGaDlLNWHVOVIcN2g==}
    engines: {node: '>= 10'}
    cpu: [x64]
    os: [linux]
    requiresBuild: true
    dev: false
    optional: true

  /@next/swc-win32-arm64-msvc/12.1.6-canary.7:
    resolution: {integrity: sha512-fiI6+oQcD3v2aynFBhGLsYUkA4t0vRkCwpsbBRkUMhNHY+n6nflap0llDapKCSvCvtZuaSEydmWoJ5CT1ACjfw==}
    engines: {node: '>= 10'}
    cpu: [arm64]
    os: [win32]
    requiresBuild: true
    dev: false
    optional: true

  /@next/swc-win32-ia32-msvc/12.1.6-canary.7:
    resolution: {integrity: sha512-eaEVr6VOw8OJZpu+uuQMjrZvdlAwio/F0V4wJa+80rs7Ye/r33SWT9zRM62b2RxRS5De5W0baKPCDix8T/vYaw==}
    engines: {node: '>= 10'}
    cpu: [ia32]
    os: [win32]
    requiresBuild: true
    dev: false
    optional: true

  /@next/swc-win32-x64-msvc/12.1.6-canary.7:
    resolution: {integrity: sha512-wcGJfuIeMCcwkenI1O+4VUfOhdthEV9nMddrHUDRuTiVjb6xlEefYLq9gBmt04wqscCg46jqZcEH4wS4YVv9MQ==}
    engines: {node: '>= 10'}
    cpu: [x64]
    os: [win32]
    requiresBuild: true
    dev: false
    optional: true

  /@types/node/17.0.24:
    resolution: {integrity: sha512-aveCYRQbgTH9Pssp1voEP7HiuWlD2jW2BO56w+bVrJn04i61yh6mRfoKO6hEYQD9vF+W8Chkwc6j1M36uPkx4g==}
    dev: true

  /@types/prop-types/15.7.4:
    resolution: {integrity: sha512-rZ5drC/jWjrArrS8BR6SIr4cWpW09RNTYt9AMZo3Jwwif+iacXAqgVjm0B0Bv/S1jhDXKHqRVNCbACkJ89RAnQ==}
    dev: true

  /@types/react/18.0.5:
    resolution: {integrity: sha512-UPxNGInDCIKlfqBrm8LDXYWNfLHwIdisWcsH5GpMyGjhEDLFgTtlRBaoWuCua9HcyuE0rMkmAeZ3FXV1pYLIYQ==}
    dependencies:
      '@types/prop-types': 15.7.4
      '@types/scheduler': 0.16.2
      csstype: 3.0.10
    dev: true

  /@types/scheduler/0.16.2:
    resolution: {integrity: sha512-hppQEBDmlwhFAXKJX2KnWLYu5yMfi91yazPb2l+lbJiwW+wdo1gNeRA+3RgNSO39WYX2euey41KEwnqesU2Jew==}
    dev: true

  /caniuse-lite/1.0.30001332:
    resolution: {integrity: sha512-10T30NYOEQtN6C11YGg411yebhvpnC6Z102+B95eAsN0oB6KUs01ivE8u+G6FMIRtIrVlYXhL+LUwQ3/hXwDWw==}
    dev: false

  /csstype/3.0.10:
    resolution: {integrity: sha512-2u44ZG2OcNUO9HDp/Jl8C07x6pU/eTR3ncV91SiK3dhG9TWvRVsCoJw14Ckx5DgWkzGA3waZWO3d7pgqpUI/XA==}
    dev: true

  /js-tokens/4.0.0:
    resolution: {integrity: sha512-RdJUflcE3cUzKiMqQgsCu06FPu9UdIJO0beYbPhHN4k6apgJtifcoCtT9bcxOpYBtpD2kCM6Sbzg4CausW/PKQ==}
    dev: false

  /loose-envify/1.4.0:
    resolution: {integrity: sha512-lyuxPGr/Wfhrlem2CL/UcnUc1zcqKAImBDzukY7Y5F/yQiNdko6+fRLevlw1HgMySw7f611UIY408EtxRSoK3Q==}
    hasBin: true
    dependencies:
      js-tokens: 4.0.0
    dev: false

  /nanoid/3.3.2:
    resolution: {integrity: sha512-CuHBogktKwpm5g2sRgv83jEy2ijFzBwMoYA60orPDR7ynsLijJDqgsi4RDGj3OJpy3Ieb+LYwiRmIOGyytgITA==}
    engines: {node: ^10 || ^12 || ^13.7 || ^14 || >=15.0.1}
    hasBin: true
    dev: false

  /next/12.1.6-canary.7_react-dom@18.0.0+react@18.0.0:
    resolution: {integrity: sha512-QjKOZZluYejOQB2TBRC3lKKOTklGqVipmOx6zz51/8KeZYPqDRqqYyA0+PRI3W9XXG3oLdUD8QUL6n9aA5mygw==}
    engines: {node: '>=12.22.0'}
    hasBin: true
    peerDependencies:
      fibers: '>= 3.1.0'
      node-sass: ^6.0.0 || ^7.0.0
      react: ^17.0.2 || ^18.0.0-0
      react-dom: ^17.0.2 || ^18.0.0-0
      sass: ^1.3.0
    peerDependenciesMeta:
      fibers:
        optional: true
      node-sass:
        optional: true
      sass:
        optional: true
    dependencies:
      '@next/env': 12.1.6-canary.7
      caniuse-lite: 1.0.30001332
      postcss: 8.4.5
      react: 18.0.0
      react-dom: 18.0.0_react@18.0.0
      styled-jsx: 5.0.1_react@18.0.0
    optionalDependencies:
      '@next/swc-android-arm-eabi': 12.1.6-canary.7
      '@next/swc-android-arm64': 12.1.6-canary.7
      '@next/swc-darwin-arm64': 12.1.6-canary.7
      '@next/swc-darwin-x64': 12.1.6-canary.7
      '@next/swc-linux-arm-gnueabihf': 12.1.6-canary.7
      '@next/swc-linux-arm64-gnu': 12.1.6-canary.7
      '@next/swc-linux-arm64-musl': 12.1.6-canary.7
      '@next/swc-linux-x64-gnu': 12.1.6-canary.7
      '@next/swc-linux-x64-musl': 12.1.6-canary.7
      '@next/swc-win32-arm64-msvc': 12.1.6-canary.7
      '@next/swc-win32-ia32-msvc': 12.1.6-canary.7
      '@next/swc-win32-x64-msvc': 12.1.6-canary.7
    transitivePeerDependencies:
      - '@babel/core'
      - babel-plugin-macros
    dev: false

  /picocolors/1.0.0:
    resolution: {integrity: sha512-1fygroTLlHu66zi26VoTDv8yRgm0Fccecssto+MhsZ0D/DGW2sm8E8AjW7NU5VVTRt5GxbeZ5qBuJr+HyLYkjQ==}
    dev: false

  /postcss/8.4.5:
    resolution: {integrity: sha512-jBDboWM8qpaqwkMwItqTQTiFikhs/67OYVvblFFTM7MrZjt6yMKd6r2kgXizEbTTljacm4NldIlZnhbjr84QYg==}
    engines: {node: ^10 || ^12 || >=14}
    dependencies:
      nanoid: 3.3.2
      picocolors: 1.0.0
      source-map-js: 1.0.2
    dev: false

  /react-dom/18.0.0_react@18.0.0:
    resolution: {integrity: sha512-XqX7uzmFo0pUceWFCt7Gff6IyIMzFUn7QMZrbrQfGxtaxXZIcGQzoNpRLE3fQLnS4XzLLPMZX2T9TRcSrasicw==}
    peerDependencies:
      react: ^18.0.0
    dependencies:
      loose-envify: 1.4.0
      react: 18.0.0
      scheduler: 0.21.0
    dev: false

  /react/18.0.0:
    resolution: {integrity: sha512-x+VL6wbT4JRVPm7EGxXhZ8w8LTROaxPXOqhlGyVSrv0sB1jkyFGgXxJ8LVoPRLvPR6/CIZGFmfzqUa2NYeMr2A==}
    engines: {node: '>=0.10.0'}
    dependencies:
      loose-envify: 1.4.0
    dev: false

  /scheduler/0.21.0:
    resolution: {integrity: sha512-1r87x5fz9MXqswA2ERLo0EbOAU74DpIUO090gIasYTqlVoJeMcl+Z1Rg7WHz+qtPujhS/hGIt9kxZOYBV3faRQ==}
    dependencies:
      loose-envify: 1.4.0
    dev: false

  /source-map-js/1.0.2:
    resolution: {integrity: sha512-R0XvVJ9WusLiqTCEiGCmICCMplcCkIwwR11mOSD9CR5u+IXYdiseeEuXCVAjS54zqwkLcPNnmU4OeJ6tUrWhDw==}
    engines: {node: '>=0.10.0'}
    dev: false

  /styled-jsx/5.0.1_react@18.0.0:
    resolution: {integrity: sha512-+PIZ/6Uk40mphiQJJI1202b+/dYeTVd9ZnMPR80pgiWbjIwvN2zIp4r9et0BgqBuShh48I0gttPlAXA7WVvBxw==}
    engines: {node: '>= 12.0.0'}
    peerDependencies:
      '@babel/core': '*'
      babel-plugin-macros: '*'
      react: '>= 16.8.0 || 17.x.x || ^18.0.0-0'
    peerDependenciesMeta:
      '@babel/core':
        optional: true
      babel-plugin-macros:
        optional: true
    dependencies:
      react: 18.0.0
    dev: false

  /typescript/4.6.3:
    resolution: {integrity: sha512-yNIatDa5iaofVozS/uQJEl3JRWLKKGJKh6Yaiv0GLGSuhpFJe7P3SbHZ8/yjAHRQwKRoA6YZqlfjXWmVzoVSMw==}
    engines: {node: '>=4.2.0'}
    hasBin: true
    dev: true
